{
    "name": "emacs-math-speak",
    "version": "0.1.0",
    "lockfileVersion": 1,
    "dependencies": {
        "abab": {
            "version": "https://registry.npmjs.org/abab/-/abab-1.0.3.tgz",
            "integrity": "sha1-uB3l9ydOxOdW15fNg08wNkJyTl0="
        },
        "acorn": {
            "version": "https://registry.npmjs.org/acorn/-/acorn-2.7.0.tgz",
            "integrity": "sha1-q259nYhqrKiwhbwzEreaGYQz8Oc="
        },
        "acorn-globals": {
            "version": "https://registry.npmjs.org/acorn-globals/-/acorn-globals-1.0.9.tgz",
            "integrity": "sha1-VbtemGkVB7dFedBRNBMhfDgMVM8="
        },
        "ajv": {
            "version": "https://registry.npmjs.org/ajv/-/ajv-4.11.8.tgz",
            "integrity": "sha1-gv+wKynmYq5TvcIK8VlHcGc5xTY="
        },
        "amdefine": {
            "version": "https://registry.npmjs.org/amdefine/-/amdefine-1.0.1.tgz",
            "integrity": "sha1-SlKCrBZHKek2Gbz9OtFR+BfOkfU=",
            "optional": true
        },
        "array-equal": {
            "version": "https://registry.npmjs.org/array-equal/-/array-equal-1.0.0.tgz",
            "integrity": "sha1-jCpe8kcv2ep0KwTHenUJO6J1fJM="
        },
        "asn1": {
            "version": "https://registry.npmjs.org/asn1/-/asn1-0.2.3.tgz",
            "integrity": "sha1-2sh4dxPJlmhJ/IGAd36+nB3fO4Y="
        },
        "assert-plus": {
            "version": "https://registry.npmjs.org/assert-plus/-/assert-plus-0.2.0.tgz",
            "integrity": "sha1-104bh+ev/A24qttwIfP+SBAasjQ="
        },
        "asynckit": {
            "version": "https://registry.npmjs.org/asynckit/-/asynckit-0.4.0.tgz",
            "integrity": "sha1-x57Zf380y48robyXkLzDZkdLS3k="
        },
        "aws-sign2": {
            "version": "https://registry.npmjs.org/aws-sign2/-/aws-sign2-0.6.0.tgz",
            "integrity": "sha1-FDQt0428yU0OW4fXY81jYSwOeU8="
        },
        "aws4": {
            "version": "https://registry.npmjs.org/aws4/-/aws4-1.6.0.tgz",
            "integrity": "sha1-g+9cqGCysy5KDe7e6MdxudtXRx4="
        },
        "bcrypt-pbkdf": {
            "version": "https://registry.npmjs.org/bcrypt-pbkdf/-/bcrypt-pbkdf-1.0.1.tgz",
            "integrity": "sha1-Y7xdy2EzG5K8Bf1SiVPDNGKgb40=",
            "optional": true
        },
        "boom": {
            "version": "https://registry.npmjs.org/boom/-/boom-2.10.1.tgz",
            "integrity": "sha1-OciRjO/1eZ+D+UkqhI9iWt0Mdm8="
        },
        "caseless": {
            "version": "https://registry.npmjs.org/caseless/-/caseless-0.12.0.tgz",
            "integrity": "sha1-G2gcIf+EAzyCZUMJBolCDRhxUdw="
        },
        "co": {
            "version": "https://registry.npmjs.org/co/-/co-4.6.0.tgz",
            "integrity": "sha1-bqa989hTrlTMuOR7+gvz+QMfsYQ="
        },
        "combined-stream": {
            "version": "https://registry.npmjs.org/combined-stream/-/combined-stream-1.0.5.tgz",
            "integrity": "sha1-k4NwpXtKUd6ix3wV1cX9+JUWQAk="
        },
        "commander": {
            "version": "https://registry.npmjs.org/commander/-/commander-2.9.0.tgz",
            "integrity": "sha1-nJkJQXbhIkDLItbFFGCYQA/g99Q="
        },
        "content-type-parser": {
            "version": "https://registry.npmjs.org/content-type-parser/-/content-type-parser-1.0.1.tgz",
            "integrity": "sha1-w+VpiMU8ZRJ/tG1AMqOpACRv3JQ="
        },
        "cryptiles": {
            "version": "https://registry.npmjs.org/cryptiles/-/cryptiles-2.0.5.tgz",
            "integrity": "sha1-O9/s3GCBR8HGcgL6KR59ylnqo7g="
        },
        "cssom": {
            "version": "https://registry.npmjs.org/cssom/-/cssom-0.3.2.tgz",
            "integrity": "sha1-uANhcMefB6kP8vFuIihAJ6JDhIs="
        },
        "cssstyle": {
            "version": "https://registry.npmjs.org/cssstyle/-/cssstyle-0.2.37.tgz",
            "integrity": "sha1-VBCXI0yyUTyDzu06zdwn/yeYfVQ="
        },
        "dashdash": {
            "version": "https://registry.npmjs.org/dashdash/-/dashdash-1.14.1.tgz",
            "integrity": "sha1-hTz6D3y+L+1d4gMmuN1YEDX24vA=",
            "dependencies": {
                "assert-plus": {
                    "version": "https://registry.npmjs.org/assert-plus/-/assert-plus-1.0.0.tgz",
                    "integrity": "sha1-8S4PPF13sLHN2RRpQuTpbB5N1SU="
                }
            }
        },
        "deep-is": {
            "version": "https://registry.npmjs.org/deep-is/-/deep-is-0.1.3.tgz",
            "integrity": "sha1-s2nW+128E+7PUk+RsHD+7cNXzzQ="
        },
        "delayed-stream": {
            "version": "https://registry.npmjs.org/delayed-stream/-/delayed-stream-1.0.0.tgz",
            "integrity": "sha1-3zrhmayt+31ECqrgsp4icrJOxhk="
        },
        "ecc-jsbn": {
            "version": "https://registry.npmjs.org/ecc-jsbn/-/ecc-jsbn-0.1.1.tgz",
            "integrity": "sha1-D8c6ntXw1Tw4GTOYUj735UN3dQU=",
            "optional": true
        },
        "escodegen": {
            "version": "https://registry.npmjs.org/escodegen/-/escodegen-1.8.1.tgz",
            "integrity": "sha1-WltTr0aTEQvrsIZ6o0MN07cKEBg="
        },
        "esprima": {
            "version": "https://registry.npmjs.org/esprima/-/esprima-2.7.3.tgz",
            "integrity": "sha1-luO3DVd59q1JzQMmc9HDEnZ7pYE="
        },
        "estraverse": {
            "version": "https://registry.npmjs.org/estraverse/-/estraverse-1.9.3.tgz",
            "integrity": "sha1-r2fy3JIlgkFZUJJgkaQAXSnJu0Q="
        },
        "esutils": {
            "version": "https://registry.npmjs.org/esutils/-/esutils-2.0.2.tgz",
            "integrity": "sha1-Cr9PHKpbyx96nYrMbepPqqBLrJs="
        },
        "extend": {
            "version": "https://registry.npmjs.org/extend/-/extend-3.0.1.tgz",
            "integrity": "sha1-p1Xqe8Gt/MWjHOfnYtuq3F5jZEQ="
        },
        "extsprintf": {
            "version": "https://registry.npmjs.org/extsprintf/-/extsprintf-1.0.2.tgz",
            "integrity": "sha1-4QgOBljjALBilJkMxw4VAiNf1VA="
        },
        "fast-levenshtein": {
            "version": "https://registry.npmjs.org/fast-levenshtein/-/fast-levenshtein-2.0.6.tgz",
            "integrity": "sha1-PYpcZog6FqMMqGQ+hR8Zuqd5eRc="
        },
        "forever-agent": {
            "version": "https://registry.npmjs.org/forever-agent/-/forever-agent-0.6.1.tgz",
            "integrity": "sha1-+8cfDEGt6zf5bFd60e1C2P2sypE="
        },
        "form-data": {
            "version": "https://registry.npmjs.org/form-data/-/form-data-2.1.4.tgz",
            "integrity": "sha1-M8GDrPGTJ27KqYFDpp6Uv+4XUNE="
        },
        "getpass": {
            "version": "https://registry.npmjs.org/getpass/-/getpass-0.1.7.tgz",
            "integrity": "sha1-Xv+OPmhNVprkyysSgmBOi6YhSfo=",
            "dependencies": {
                "assert-plus": {
                    "version": "https://registry.npmjs.org/assert-plus/-/assert-plus-1.0.0.tgz",
                    "integrity": "sha1-8S4PPF13sLHN2RRpQuTpbB5N1SU="
                }
            }
        },
        "graceful-readlink": {
            "version": "https://registry.npmjs.org/graceful-readlink/-/graceful-readlink-1.0.1.tgz",
            "integrity": "sha1-TK+tdrxi8C+gObL5Tpo906ORpyU="
        },
        "har-schema": {
            "version": "https://registry.npmjs.org/har-schema/-/har-schema-1.0.5.tgz",
            "integrity": "sha1-0mMTX0MwfALGAq/I/pWXDAFRNp4="
        },
        "har-validator": {
            "version": "https://registry.npmjs.org/har-validator/-/har-validator-4.2.1.tgz",
            "integrity": "sha1-M0gdDxu/9gDdID11gSpqX7oALio="
        },
        "hawk": {
            "version": "https://registry.npmjs.org/hawk/-/hawk-3.1.3.tgz",
            "integrity": "sha1-B4REvXwWQLD+VA0sm3PVlnjo4cQ="
        },
        "hoek": {
            "version": "https://registry.npmjs.org/hoek/-/hoek-2.16.3.tgz",
            "integrity": "sha1-ILt0A9POo5jpHcRxCo/xuCdKJe0="
        },
        "html-encoding-sniffer": {
            "version": "https://registry.npmjs.org/html-encoding-sniffer/-/html-encoding-sniffer-1.0.1.tgz",
            "integrity": "sha1-eb96eF6klf5mFl5zQVPzY/9UN9o="
        },
        "http-signature": {
            "version": "https://registry.npmjs.org/http-signature/-/http-signature-1.1.1.tgz",
            "integrity": "sha1-33LiZwZs0Kxn+3at+OE0qPvPkb8="
        },
        "iconv-lite": {
            "version": "https://registry.npmjs.org/iconv-lite/-/iconv-lite-0.4.17.tgz",
            "integrity": "sha1-T9qjs4rLwsAxsEXQ7c3+HsqxjI0="
        },
        "is-typedarray": {
            "version": "https://registry.npmjs.org/is-typedarray/-/is-typedarray-1.0.0.tgz",
            "integrity": "sha1-5HnICFjfDBsR3dppQPlgEfzaSpo="
        },
        "isstream": {
            "version": "https://registry.npmjs.org/isstream/-/isstream-0.1.2.tgz",
            "integrity": "sha1-R+Y/evVa+m+S4VAOaQ64uFKcCZo="
        },
        "jodid25519": {
            "version": "https://registry.npmjs.org/jodid25519/-/jodid25519-1.0.2.tgz",
            "integrity": "sha1-BtSRIlUJNBlHfUJWM2BuDpB4KWc=",
            "optional": true
        },
        "jsbn": {
            "version": "https://registry.npmjs.org/jsbn/-/jsbn-0.1.1.tgz",
            "integrity": "sha1-peZUwuWi3rXyAdls77yoDA7y9RM=",
            "optional": true
        },
        "jsdom": {
            "version": "https://registry.npmjs.org/jsdom/-/jsdom-9.8.3.tgz",
            "integrity": "sha1-/eKcEJwyoRMeC2xlkU5kGY+Xw3A="
        },
        "json-schema": {
            "version": "https://registry.npmjs.org/json-schema/-/json-schema-0.2.3.tgz",
            "integrity": "sha1-tIDIkuWaLwWVTOcnvT8qTogvnhM="
        },
        "json-stable-stringify": {
            "version": "https://registry.npmjs.org/json-stable-stringify/-/json-stable-stringify-1.0.1.tgz",
            "integrity": "sha1-mnWdOcXy/1A/1TAGRu1EX4jE+a8="
        },
        "json-stringify-safe": {
            "version": "https://registry.npmjs.org/json-stringify-safe/-/json-stringify-safe-5.0.1.tgz",
            "integrity": "sha1-Epai1Y/UXxmg9s4B1lcB4sc1tus="
        },
        "jsonify": {
            "version": "https://registry.npmjs.org/jsonify/-/jsonify-0.0.0.tgz",
            "integrity": "sha1-LHS27kHZPKUbe1qu6PUDYx0lKnM="
        },
        "jsprim": {
            "version": "https://registry.npmjs.org/jsprim/-/jsprim-1.4.0.tgz",
            "integrity": "sha1-o7h+QCmNjDgFUtjMdiigu5WiKRg=",
            "dependencies": {
                "assert-plus": {
                    "version": "https://registry.npmjs.org/assert-plus/-/assert-plus-1.0.0.tgz",
                    "integrity": "sha1-8S4PPF13sLHN2RRpQuTpbB5N1SU="
                }
            }
        },
        "levn": {
            "version": "https://registry.npmjs.org/levn/-/levn-0.3.0.tgz",
            "integrity": "sha1-OwmSTt+fCDwEkP3UwLxEIeBHZO4="
        },
        "mathjax": {
            "version": "https://registry.npmjs.org/mathjax/-/mathjax-2.7.1.tgz",
            "integrity": "sha1-yC0vhTsvWPc44zVTKa3wstj4+s4="
        },
        "mathjax-node": {
            "version": "https://registry.npmjs.org/mathjax-node/-/mathjax-node-1.1.0.tgz",
            "integrity": "sha1-lszkf6KQAkUyLhDNeeyX9H9qirY="
        },
        "mime-db": {
            "version": "https://registry.npmjs.org/mime-db/-/mime-db-1.27.0.tgz",
            "integrity": "sha1-gg9XIpa70g7CXtVeW13oaeVDbrE="
        },
        "mime-types": {
            "version": "https://registry.npmjs.org/mime-types/-/mime-types-2.1.15.tgz",
            "integrity": "sha1-pOv1BkCUVpI3uM9wBGd20J/JKu0="
        },
        "net": {
            "version": "https://registry.npmjs.org/net/-/net-1.0.2.tgz",
            "integrity": "sha1-0XV+yaf7I3HYPPR1XOPifhCCk4g="
        },
        "nwmatcher": {
            "version": "https://registry.npmjs.org/nwmatcher/-/nwmatcher-1.3.9.tgz",
            "integrity": "sha1-i6tIb/f6Pf0IZla76LFxFtNpLSo="
        },
        "oauth-sign": {
            "version": "https://registry.npmjs.org/oauth-sign/-/oauth-sign-0.8.2.tgz",
            "integrity": "sha1-Rqarfwrq2N6unsBWV4C31O/rnUM="
        },
        "optionator": {
            "version": "https://registry.npmjs.org/optionator/-/optionator-0.8.2.tgz",
            "integrity": "sha1-NkxeQJ0/TWMB1sC0wFu6UBgK62Q="
        },
        "parse5": {
            "version": "https://registry.npmjs.org/parse5/-/parse5-1.5.1.tgz",
            "integrity": "sha1-m387DeMr543CQBsXVzzK8Pb1nZQ="
        },
        "performance-now": {
            "version": "https://registry.npmjs.org/performance-now/-/performance-now-0.2.0.tgz",
            "integrity": "sha1-M+8wxcd9TqIcWlOGnZG1bY8lVeU="
        },
        "prelude-ls": {
            "version": "https://registry.npmjs.org/prelude-ls/-/prelude-ls-1.1.2.tgz",
            "integrity": "sha1-IZMqVJ9eUv/ZqCf1cOBL5iqX2lQ="
        },
        "punycode": {
            "version": "https://registry.npmjs.org/punycode/-/punycode-1.4.1.tgz",
            "integrity": "sha1-wNWmOycYgArY4esPpSachN1BhF4="
        },
        "qs": {
            "version": "https://registry.npmjs.org/qs/-/qs-6.4.0.tgz",
            "integrity": "sha1-E+JtKK1rD/qpExLNO/cI7TUecjM="
        },
        "request": {
            "version": "https://registry.npmjs.org/request/-/request-2.81.0.tgz",
            "integrity": "sha1-xpKJRqDgbF+Nb4qTM0af/aRimKA="
        },
        "safe-buffer": {
            "version": "https://registry.npmjs.org/safe-buffer/-/safe-buffer-5.0.1.tgz",
            "integrity": "sha1-0mPKVGls2KMGtcplUekt5XkY++c="
        },
        "sax": {
            "version": "https://registry.npmjs.org/sax/-/sax-1.2.2.tgz",
            "integrity": "sha1-/YYxojvHgmvvXYcb24c3jJVkeCg="
        },
        "sntp": {
            "version": "https://registry.npmjs.org/sntp/-/sntp-1.0.9.tgz",
            "integrity": "sha1-ZUEYTMkK7qbG57NeJlkIJEPGYZg="
        },
        "source-map": {
            "version": "https://registry.npmjs.org/source-map/-/source-map-0.2.0.tgz",
            "integrity": "sha1-2rc/vPwrqBm03gO9b26qSBZLP50=",
            "optional": true
        },
        "speech-rule-engine": {
            "version": "2.0.0-beta.3",
            "resolved": "https://registry.npmjs.org/speech-rule-engine/-/speech-rule-engine-2.0.0-beta.3.tgz",
            "integrity": "sha1-N4eZGWHg+FNfDtVI8s1gtBcRt9A="
        },
        "sshpk": {
            "version": "https://registry.npmjs.org/sshpk/-/sshpk-1.13.0.tgz",
            "integrity": "sha1-/yo+T9BEl1Vf7Zezmg/YL6+zozw=",
            "dependencies": {
                "assert-plus": {
                    "version": "https://registry.npmjs.org/assert-plus/-/assert-plus-1.0.0.tgz",
                    "integrity": "sha1-8S4PPF13sLHN2RRpQuTpbB5N1SU="
                }
            }
        },
        "stringstream": {
            "version": "https://registry.npmjs.org/stringstream/-/stringstream-0.0.5.tgz",
            "integrity": "sha1-TkhM1N5aC7vuGORjB3EKioFiGHg="
        },
        "symbol-tree": {
            "version": "https://registry.npmjs.org/symbol-tree/-/symbol-tree-3.2.2.tgz",
            "integrity": "sha1-rifbOPZgp64uHDt9G8KQgZuFGeY="
        },
        "tough-cookie": {
            "version": "https://registry.npmjs.org/tough-cookie/-/tough-cookie-2.3.2.tgz",
            "integrity": "sha1-8IH3bkyFcg5sN6X6ztc3FQ2EByo="
        },
        "tr46": {
            "version": "https://registry.npmjs.org/tr46/-/tr46-0.0.3.tgz",
            "integrity": "sha1-gYT9NH2snNwYWZLzpmIuFLnZq2o="
        },
        "tunnel-agent": {
            "version": "https://registry.npmjs.org/tunnel-agent/-/tunnel-agent-0.6.0.tgz",
            "integrity": "sha1-J6XeoGs2sEoKmWZ3SykIaPD8QP0="
        },
        "tweetnacl": {
            "version": "https://registry.npmjs.org/tweetnacl/-/tweetnacl-0.14.5.tgz",
            "integrity": "sha1-WuaBd/GS1EViadEIr6k/+HQ/T2Q=",
            "optional": true
        },
        "type-check": {
            "version": "https://registry.npmjs.org/type-check/-/type-check-0.3.2.tgz",
            "integrity": "sha1-WITKtRLPHTVeP7eE8wgEsrUg23I="
        },
        "uuid": {
            "version": "https://registry.npmjs.org/uuid/-/uuid-3.0.1.tgz",
            "integrity": "sha1-ZUS7ot/ajBzxfmKaOjBeK7H+5sE="
        },
        "verror": {
            "version": "https://registry.npmjs.org/verror/-/verror-1.3.6.tgz",
            "integrity": "sha1-z/XfEpRtKX0rqu+qJoniW+AcAFw="
        },
        "webidl-conversions": {
            "version": "https://registry.npmjs.org/webidl-conversions/-/webidl-conversions-3.0.1.tgz",
            "integrity": "sha1-JFNCdeKnvGvnvIZhHMFq4KVlSHE="
        },
        "whatwg-encoding": {
            "version": "https://registry.npmjs.org/whatwg-encoding/-/whatwg-encoding-1.0.1.tgz",
            "integrity": "sha1-PGxFGhmO567FWx7GHQkgxngBpfQ=",
            "dependencies": {
                "iconv-lite": {
                    "version": "https://registry.npmjs.org/iconv-lite/-/iconv-lite-0.4.13.tgz",
                    "integrity": "sha1-H4irpKsLFQjoMSrMOTRfNumS4vI="
                }
            }
        },
        "whatwg-url": {
            "version": "https://registry.npmjs.org/whatwg-url/-/whatwg-url-3.1.0.tgz",
            "integrity": "sha1-e9yuSQ+SGu9kUftnOexrvY6Qe/Y="
        },
        "wordwrap": {
            "version": "https://registry.npmjs.org/wordwrap/-/wordwrap-1.0.0.tgz",
            "integrity": "sha1-J1hIEIkUVqQXHI0CJkQa3pDLyus="
        },
        "xml-mapping": {
            "version": "https://registry.npmjs.org/xml-mapping/-/xml-mapping-1.7.1.tgz",
            "integrity": "sha1-ZWiWWeUIWDPH0r7FfawoQsy7woY=",
            "dependencies": {
                "sax": {
                    "version": "https://registry.npmjs.org/sax/-/sax-0.4.2.tgz",
                    "integrity": "sha1-OfO2AXM9a+yXEFskKipA/Wl4rDw="
                }
            }
        },
        "xml-name-validator": {
            "version": "https://registry.npmjs.org/xml-name-validator/-/xml-name-validator-2.0.1.tgz",
            "integrity": "sha1-TYuPHszTQZqjYgYb7O9RXh5VljU="
        },
        "xml-writer": {
            "version": "https://registry.npmjs.org/xml-writer/-/xml-writer-1.7.0.tgz",
            "integrity": "sha1-t28dWRwWomNOvbcDx729D9aBkGU="
        },
        "xmldom": {
            "version": "https://registry.npmjs.org/xmldom/-/xmldom-0.1.27.tgz",
            "integrity": "sha1-1QH5ezvbQDr4757MIFcxh6rawOk="
        },
        "xpath": {
            "version": "https://registry.npmjs.org/xpath/-/xpath-0.0.24.tgz",
            "integrity": "sha1-Gt4WLhzFI8jTn8fQavwW6iFvKfs="
        }
    }
}
