{
    "name": "emacs-math-speak",
    "version": "0.1.0",
    "lockfileVersion": 1,
    "requires": true,
    "dependencies": {
        "commander": {
            "version": "5.1.0",
            "resolved": "https://registry.npmjs.org/commander/-/commander-5.1.0.tgz",
            "integrity": "sha512-P0CysNDQ7rtVw4QIQtm+MRxV66vKFSvlsQvGYXZWR3qFU0jlMKHZZZgw8e+8DSah4UDKMqnknRDQz+xuQXQ/Zg=="
        },
        "mathjax": {
            "version": "3.0.5",
            "resolved": "https://registry.npmjs.org/mathjax/-/mathjax-3.0.5.tgz",
            "integrity": "sha512-9M7VulhltkD8sIebWutK/VfAD+m+6BIFqfpjDh9Pz/etoKUtjO6UMnOhUcDmNl6iApE8C9xrUmaMyNZkZAlrMw=="
        },
        "net": {
            "version": "1.0.2",
            "resolved": "https://registry.npmjs.org/net/-/net-1.0.2.tgz",
            "integrity": "sha1-0XV+yaf7I3HYPPR1XOPifhCCk4g="
        },
        "speech-rule-engine": {
            "version": "3.0.0-beta.10",
            "resolved": "https://registry.npmjs.org/speech-rule-engine/-/speech-rule-engine-3.0.0-beta.10.tgz",
            "integrity": "sha512-/NvZ3NYh5F03G2Yrzzypp/rBq2H4/hL+OhtuY6pMNtEoMc7RHktVfqCl6o+N34Z91CTaebOAh6KZT+PjAdcCTw==",
            "requires": {
                "commander": "*",
                "wicked-good-xpath": "*",
                "xmldom-sre": "^0.1.31"
            }
        },
        "wicked-good-xpath": {
            "version": "1.3.0",
            "resolved": "https://registry.npmjs.org/wicked-good-xpath/-/wicked-good-xpath-1.3.0.tgz",
            "integrity": "sha1-gbDpXoZQ5JyUsiKY//hoa1VTz2w="
        },
        "xmldom-sre": {
            "version": "0.1.31",
            "resolved": "https://registry.npmjs.org/xmldom-sre/-/xmldom-sre-0.1.31.tgz",
            "integrity": "sha512-f9s+fUkX04BxQf+7mMWAp5zk61pciie+fFLC9hX9UVvCeJQfNHRHXpeo5MPcR0EUf57PYLdt+ZO4f3Ipk2oZUw=="
        }
    }
}
