{
    "name": "emacs-math-speak",
    "version": "0.1.0",
    "lockfileVersion": 2,
    "requires": true,
    "packages": {
        "": {
            "name": "emacs-math-speak",
            "version": "0.1.0",
            "license": "Apache-2.0",
            "dependencies": {
                "mathjax": "^3.1.2",
                "net": ">=1.0.2",
                "speech-rule-engine": "^3"
            }
        },
        "node_modules/commander": {
            "version": "9.4.0",
            "resolved": "https://registry.npmjs.org/commander/-/commander-9.4.0.tgz",
            "integrity": "sha512-sRPT+umqkz90UA8M1yqYfnHlZA7fF6nSphDtxeywPZ49ysjxDQybzk13CL+mXekDRG92skbcqCLVovuCusNmFw==",
            "engines": {
                "node": "^12.20.0 || >=14"
            }
        },
        "node_modules/mathjax": {
            "version": "3.2.2",
            "resolved": "https://registry.npmjs.org/mathjax/-/mathjax-3.2.2.tgz",
            "integrity": "sha512-Bt+SSVU8eBG27zChVewOicYs7Xsdt40qm4+UpHyX7k0/O9NliPc+x77k1/FEsPsjKPZGJvtRZM1vO+geW0OhGw=="
        },
        "node_modules/net": {
            "version": "1.0.2",
            "resolved": "https://registry.npmjs.org/net/-/net-1.0.2.tgz",
            "integrity": "sha512-kbhcj2SVVR4caaVnGLJKmlk2+f+oLkjqdKeQlmUtz6nGzOpbcobwVIeSURNgraV/v3tlmGIX82OcPCl0K6RbHQ=="
        },
        "node_modules/speech-rule-engine": {
            "version": "3.3.3",
            "resolved": "https://registry.npmjs.org/speech-rule-engine/-/speech-rule-engine-3.3.3.tgz",
            "integrity": "sha512-0exWw+0XauLjat+f/aFeo5T8SiDsO1JtwpY3qgJE4cWt+yL/Stl0WP4VNDWdh7lzGkubUD9lWP4J1ASnORXfyQ==",
            "dependencies": {
                "commander": ">=7.0.0",
                "wicked-good-xpath": "^1.3.0",
                "xmldom-sre": "^0.1.31"
            },
            "bin": {
                "sre": "bin/sre"
            }
        },
        "node_modules/wicked-good-xpath": {
            "version": "1.3.0",
            "resolved": "https://registry.npmjs.org/wicked-good-xpath/-/wicked-good-xpath-1.3.0.tgz",
            "integrity": "sha512-Gd9+TUn5nXdwj/hFsPVx5cuHHiF5Bwuc30jZ4+ronF1qHK5O7HD0sgmXWSEgwKquT3ClLoKPVbO6qGwVwLzvAw=="
        },
        "node_modules/xmldom-sre": {
            "version": "0.1.31",
            "resolved": "https://registry.npmjs.org/xmldom-sre/-/xmldom-sre-0.1.31.tgz",
            "integrity": "sha512-f9s+fUkX04BxQf+7mMWAp5zk61pciie+fFLC9hX9UVvCeJQfNHRHXpeo5MPcR0EUf57PYLdt+ZO4f3Ipk2oZUw==",
            "engines": {
                "node": ">=0.1"
            }
        }
    },
    "dependencies": {
        "commander": {
            "version": "9.4.0",
            "resolved": "https://registry.npmjs.org/commander/-/commander-9.4.0.tgz",
            "integrity": "sha512-sRPT+umqkz90UA8M1yqYfnHlZA7fF6nSphDtxeywPZ49ysjxDQybzk13CL+mXekDRG92skbcqCLVovuCusNmFw=="
        },
        "mathjax": {
            "version": "3.2.2",
            "resolved": "https://registry.npmjs.org/mathjax/-/mathjax-3.2.2.tgz",
            "integrity": "sha512-Bt+SSVU8eBG27zChVewOicYs7Xsdt40qm4+UpHyX7k0/O9NliPc+x77k1/FEsPsjKPZGJvtRZM1vO+geW0OhGw=="
        },
        "net": {
            "version": "1.0.2",
            "resolved": "https://registry.npmjs.org/net/-/net-1.0.2.tgz",
            "integrity": "sha512-kbhcj2SVVR4caaVnGLJKmlk2+f+oLkjqdKeQlmUtz6nGzOpbcobwVIeSURNgraV/v3tlmGIX82OcPCl0K6RbHQ=="
        },
        "speech-rule-engine": {
            "version": "3.3.3",
            "resolved": "https://registry.npmjs.org/speech-rule-engine/-/speech-rule-engine-3.3.3.tgz",
            "integrity": "sha512-0exWw+0XauLjat+f/aFeo5T8SiDsO1JtwpY3qgJE4cWt+yL/Stl0WP4VNDWdh7lzGkubUD9lWP4J1ASnORXfyQ==",
            "requires": {
                "commander": ">=7.0.0",
                "wicked-good-xpath": "^1.3.0",
                "xmldom-sre": "^0.1.31"
            }
        },
        "wicked-good-xpath": {
            "version": "1.3.0",
            "resolved": "https://registry.npmjs.org/wicked-good-xpath/-/wicked-good-xpath-1.3.0.tgz",
            "integrity": "sha512-Gd9+TUn5nXdwj/hFsPVx5cuHHiF5Bwuc30jZ4+ronF1qHK5O7HD0sgmXWSEgwKquT3ClLoKPVbO6qGwVwLzvAw=="
        },
        "xmldom-sre": {
            "version": "0.1.31",
            "resolved": "https://registry.npmjs.org/xmldom-sre/-/xmldom-sre-0.1.31.tgz",
            "integrity": "sha512-f9s+fUkX04BxQf+7mMWAp5zk61pciie+fFLC9hX9UVvCeJQfNHRHXpeo5MPcR0EUf57PYLdt+ZO4f3Ipk2oZUw=="
        }
    }
}
